{
  "name": "elm-random-game",
  "version": "1.0.0",
  "lockfileVersion": 1,
  "requires": true,
  "dependencies": {
    "elm-canvas": {
      "version": "2.2.3",
      "resolved": "https://registry.npmjs.org/elm-canvas/-/elm-canvas-2.2.3.tgz",
      "integrity": "sha512-xwbTvvYfOz0i4jEFpVIwJSahE09QYMTc/Q29LUoVHQB4msrfzU7rAUuaSia7F+zFsllTUIp62n4roIXmuiFy3Q=="
    }
  }
}
